
Microsoft Visual Studio Solution File, Format Version 12.00
# Visual Studio 15
VisualStudioVersion = 15.0.27703.2047
MinimumVisualStudioVersion = 10.0.40219.1
Project("{FAE04EC0-301F-11D3-BF4B-00C04F79EFBC}") = "LearningMVC", "LearningMVC\LearningMVC.csproj", "{470BBB64-1C76-4F1C-9CC5-D3EC99AC865D}"
EndProject
Project("{FAE04EC0-301F-11D3-BF4B-00C04F79EFBC}") = "LearningMVC.Tests", "LearningMVC.Tests\LearningMVC.Tests.csproj", "{0AFCC5AC-AA18-462C-A3DA-CFDE6481F681}"
EndProject
Global
	GlobalSection(SolutionConfigurationPlatforms) = preSolution
		Debug|Any CPU = Debug|Any CPU
		Release|Any CPU = Release|Any CPU
	EndGlobalSection
	GlobalSection(ProjectConfigurationPlatforms) = postSolution
		{470BBB64-1C76-4F1C-9CC5-D3EC99AC865D}.Debug|Any CPU.ActiveCfg = Debug|Any CPU
		{470BBB64-1C76-4F1C-9CC5-D3EC99AC865D}.Debug|Any CPU.Build.0 = Debug|Any CPU
		{470BBB64-1C76-4F1C-9CC5-D3EC99AC865D}.Release|Any CPU.ActiveCfg = Release|Any CPU
		{470BBB64-1C76-4F1C-9CC5-D3EC99AC865D}.Release|Any CPU.Build.0 = Release|Any CPU
		{0AFCC5AC-AA18-462C-A3DA-CFDE6481F681}.Debug|Any CPU.ActiveCfg = Debug|Any CPU
		{0AFCC5AC-AA18-462C-A3DA-CFDE6481F681}.Debug|Any CPU.Build.0 = Debug|Any CPU
		{0AFCC5AC-AA18-462C-A3DA-CFDE6481F681}.Release|Any CPU.ActiveCfg = Release|Any CPU
		{0AFCC5AC-AA18-462C-A3DA-CFDE6481F681}.Release|Any CPU.Build.0 = Release|Any CPU
	EndGlobalSection
	GlobalSection(SolutionProperties) = preSolution
		HideSolutionNode = FALSE
	EndGlobalSection
	GlobalSection(ExtensibilityGlobals) = postSolution
		SolutionGuid = {7EA162EE-64A9-4B08-88E3-9B074F11900A}
	EndGlobalSection
EndGlobal
